
Microsoft Visual Studio Solution File, Format Version 12.00
# Visual Studio Version 17
VisualStudioVersion = 17.8.34525.116
MinimumVisualStudioVersion = 10.0.40219.1
Project("{FAE04EC0-301F-11D3-BF4B-00C04F79EFBC}") = "Singleton", "Singleton\Singleton.csproj", "{361F316A-2F96-48D3-92E9-ABBEF17749E5}"
EndProject
Project("{FAE04EC0-301F-11D3-BF4B-00C04F79EFBC}") = "FactoryMethod", "FactoryMethod\FactoryMethod.csproj", "{7B3F8924-B83B-43B9-9D36-D167D78F3055}"
EndProject
Project("{FAE04EC0-301F-11D3-BF4B-00C04F79EFBC}") = "AbstractFactory", "AbstractFactory\AbstractFactory.csproj", "{BF23EFF0-97DB-4D77-BEB7-E3730EBA574C}"
EndProject
Project("{FAE04EC0-301F-11D3-BF4B-00C04F79EFBC}") = "Prototype", "Prototype\Prototype.csproj", "{6A8AA876-C30F-4874-A6BA-B3ED93ED57AD}"
EndProject
Project("{FAE04EC0-301F-11D3-BF4B-00C04F79EFBC}") = "Builder", "Builder\Builder.csproj", "{15E5D10E-AF1E-4091-92C1-04DA3CA14AAF}"
EndProject
Project("{FAE04EC0-301F-11D3-BF4B-00C04F79EFBC}") = "Facade", "Facat\Facade.csproj", "{45964666-8E5A-4FAC-9115-48EECE47ADA1}"
EndProject
Project("{FAE04EC0-301F-11D3-BF4B-00C04F79EFBC}") = "Adapter", "Adapter\Adapter.csproj", "{BB2C6410-8E88-457C-BC0B-27F9B88042AE}"
EndProject
Project("{FAE04EC0-301F-11D3-BF4B-00C04F79EFBC}") = "Composite", "Composite\Composite.csproj", "{89EC0CF5-CA9E-40E8-B1D6-D728A45155F8}"
EndProject
Project("{FAE04EC0-301F-11D3-BF4B-00C04F79EFBC}") = "Proxy", "Proxy\Proxy.csproj", "{F5602EFD-2E0C-4997-A976-7C26CF20C887}"
EndProject
Project("{FAE04EC0-301F-11D3-BF4B-00C04F79EFBC}") = "Decorator", "Decorator\Decorator.csproj", "{DE85DCC8-49A0-4B5B-8777-F14B35C6216D}"
EndProject
Project("{FAE04EC0-301F-11D3-BF4B-00C04F79EFBC}") = "Bridge", "Bridge\Bridge.csproj", "{E82B6552-A8CD-4DFF-B88F-13725E33ECE2}"
EndProject
Project("{FAE04EC0-301F-11D3-BF4B-00C04F79EFBC}") = "Strategy", "Strategy\Strategy.csproj", "{77B420A3-99C4-4A28-B97F-90C3102D91C1}"
EndProject
Project("{FAE04EC0-301F-11D3-BF4B-00C04F79EFBC}") = "Observer", "Observer\Observer.csproj", "{628DA587-C09C-4C32-99C4-A70CE45586D6}"
EndProject
Project("{FAE04EC0-301F-11D3-BF4B-00C04F79EFBC}") = "ChainOfResponsibility", "ChainOfResponsibility\ChainOfResponsibility.csproj", "{DD64ABFB-F40D-44EE-9D14-096859F26FC3}"
EndProject
Project("{FAE04EC0-301F-11D3-BF4B-00C04F79EFBC}") = "Memento", "Memento\Memento.csproj", "{9C743BD3-B66F-4636-8027-7F71F9E25D3B}"
EndProject
Project("{FAE04EC0-301F-11D3-BF4B-00C04F79EFBC}") = "TemplateMethod", "TemplateMethod\TemplateMethod.csproj", "{E6DA0EB9-6DB7-4EDD-B698-9504A0A390F5}"
EndProject
Project("{FAE04EC0-301F-11D3-BF4B-00C04F79EFBC}") = "State", "State\State.csproj", "{51267CA6-C015-41BF-AE29-1BAAD608B698}"
EndProject
Project("{FAE04EC0-301F-11D3-BF4B-00C04F79EFBC}") = "Mediator", "Mediator\Mediator.csproj", "{7C437024-D93E-4672-8AC6-87A3E381AAB0}"
EndProject
Global
	GlobalSection(SolutionConfigurationPlatforms) = preSolution
		Debug|Any CPU = Debug|Any CPU
		Release|Any CPU = Release|Any CPU
	EndGlobalSection
	GlobalSection(ProjectConfigurationPlatforms) = postSolution
		{361F316A-2F96-48D3-92E9-ABBEF17749E5}.Debug|Any CPU.ActiveCfg = Debug|Any CPU
		{361F316A-2F96-48D3-92E9-ABBEF17749E5}.Debug|Any CPU.Build.0 = Debug|Any CPU
		{361F316A-2F96-48D3-92E9-ABBEF17749E5}.Release|Any CPU.ActiveCfg = Release|Any CPU
		{361F316A-2F96-48D3-92E9-ABBEF17749E5}.Release|Any CPU.Build.0 = Release|Any CPU
		{7B3F8924-B83B-43B9-9D36-D167D78F3055}.Debug|Any CPU.ActiveCfg = Debug|Any CPU
		{7B3F8924-B83B-43B9-9D36-D167D78F3055}.Debug|Any CPU.Build.0 = Debug|Any CPU
		{7B3F8924-B83B-43B9-9D36-D167D78F3055}.Release|Any CPU.ActiveCfg = Release|Any CPU
		{7B3F8924-B83B-43B9-9D36-D167D78F3055}.Release|Any CPU.Build.0 = Release|Any CPU
		{BF23EFF0-97DB-4D77-BEB7-E3730EBA574C}.Debug|Any CPU.ActiveCfg = Debug|Any CPU
		{BF23EFF0-97DB-4D77-BEB7-E3730EBA574C}.Debug|Any CPU.Build.0 = Debug|Any CPU
		{BF23EFF0-97DB-4D77-BEB7-E3730EBA574C}.Release|Any CPU.ActiveCfg = Release|Any CPU
		{BF23EFF0-97DB-4D77-BEB7-E3730EBA574C}.Release|Any CPU.Build.0 = Release|Any CPU
		{6A8AA876-C30F-4874-A6BA-B3ED93ED57AD}.Debug|Any CPU.ActiveCfg = Debug|Any CPU
		{6A8AA876-C30F-4874-A6BA-B3ED93ED57AD}.Debug|Any CPU.Build.0 = Debug|Any CPU
		{6A8AA876-C30F-4874-A6BA-B3ED93ED57AD}.Release|Any CPU.ActiveCfg = Release|Any CPU
		{6A8AA876-C30F-4874-A6BA-B3ED93ED57AD}.Release|Any CPU.Build.0 = Release|Any CPU
		{15E5D10E-AF1E-4091-92C1-04DA3CA14AAF}.Debug|Any CPU.ActiveCfg = Debug|Any CPU
		{15E5D10E-AF1E-4091-92C1-04DA3CA14AAF}.Debug|Any CPU.Build.0 = Debug|Any CPU
		{15E5D10E-AF1E-4091-92C1-04DA3CA14AAF}.Release|Any CPU.ActiveCfg = Release|Any CPU
		{15E5D10E-AF1E-4091-92C1-04DA3CA14AAF}.Release|Any CPU.Build.0 = Release|Any CPU
		{45964666-8E5A-4FAC-9115-48EECE47ADA1}.Debug|Any CPU.ActiveCfg = Debug|Any CPU
		{45964666-8E5A-4FAC-9115-48EECE47ADA1}.Debug|Any CPU.Build.0 = Debug|Any CPU
		{45964666-8E5A-4FAC-9115-48EECE47ADA1}.Release|Any CPU.ActiveCfg = Release|Any CPU
		{45964666-8E5A-4FAC-9115-48EECE47ADA1}.Release|Any CPU.Build.0 = Release|Any CPU
		{BB2C6410-8E88-457C-BC0B-27F9B88042AE}.Debug|Any CPU.ActiveCfg = Debug|Any CPU
		{BB2C6410-8E88-457C-BC0B-27F9B88042AE}.Debug|Any CPU.Build.0 = Debug|Any CPU
		{BB2C6410-8E88-457C-BC0B-27F9B88042AE}.Release|Any CPU.ActiveCfg = Release|Any CPU
		{BB2C6410-8E88-457C-BC0B-27F9B88042AE}.Release|Any CPU.Build.0 = Release|Any CPU
		{89EC0CF5-CA9E-40E8-B1D6-D728A45155F8}.Debug|Any CPU.ActiveCfg = Debug|Any CPU
		{89EC0CF5-CA9E-40E8-B1D6-D728A45155F8}.Debug|Any CPU.Build.0 = Debug|Any CPU
		{89EC0CF5-CA9E-40E8-B1D6-D728A45155F8}.Release|Any CPU.ActiveCfg = Release|Any CPU
		{89EC0CF5-CA9E-40E8-B1D6-D728A45155F8}.Release|Any CPU.Build.0 = Release|Any CPU
		{F5602EFD-2E0C-4997-A976-7C26CF20C887}.Debug|Any CPU.ActiveCfg = Debug|Any CPU
		{F5602EFD-2E0C-4997-A976-7C26CF20C887}.Debug|Any CPU.Build.0 = Debug|Any CPU
		{F5602EFD-2E0C-4997-A976-7C26CF20C887}.Release|Any CPU.ActiveCfg = Release|Any CPU
		{F5602EFD-2E0C-4997-A976-7C26CF20C887}.Release|Any CPU.Build.0 = Release|Any CPU
		{DE85DCC8-49A0-4B5B-8777-F14B35C6216D}.Debug|Any CPU.ActiveCfg = Debug|Any CPU
		{DE85DCC8-49A0-4B5B-8777-F14B35C6216D}.Debug|Any CPU.Build.0 = Debug|Any CPU
		{DE85DCC8-49A0-4B5B-8777-F14B35C6216D}.Release|Any CPU.ActiveCfg = Release|Any CPU
		{DE85DCC8-49A0-4B5B-8777-F14B35C6216D}.Release|Any CPU.Build.0 = Release|Any CPU
		{E82B6552-A8CD-4DFF-B88F-13725E33ECE2}.Debug|Any CPU.ActiveCfg = Debug|Any CPU
		{E82B6552-A8CD-4DFF-B88F-13725E33ECE2}.Debug|Any CPU.Build.0 = Debug|Any CPU
		{E82B6552-A8CD-4DFF-B88F-13725E33ECE2}.Release|Any CPU.ActiveCfg = Release|Any CPU
		{E82B6552-A8CD-4DFF-B88F-13725E33ECE2}.Release|Any CPU.Build.0 = Release|Any CPU
		{77B420A3-99C4-4A28-B97F-90C3102D91C1}.Debug|Any CPU.ActiveCfg = Debug|Any CPU
		{77B420A3-99C4-4A28-B97F-90C3102D91C1}.Debug|Any CPU.Build.0 = Debug|Any CPU
		{77B420A3-99C4-4A28-B97F-90C3102D91C1}.Release|Any CPU.ActiveCfg = Release|Any CPU
		{77B420A3-99C4-4A28-B97F-90C3102D91C1}.Release|Any CPU.Build.0 = Release|Any CPU
		{628DA587-C09C-4C32-99C4-A70CE45586D6}.Debug|Any CPU.ActiveCfg = Debug|Any CPU
		{628DA587-C09C-4C32-99C4-A70CE45586D6}.Debug|Any CPU.Build.0 = Debug|Any CPU
		{628DA587-C09C-4C32-99C4-A70CE45586D6}.Release|Any CPU.ActiveCfg = Release|Any CPU
		{628DA587-C09C-4C32-99C4-A70CE45586D6}.Release|Any CPU.Build.0 = Release|Any CPU
		{DD64ABFB-F40D-44EE-9D14-096859F26FC3}.Debug|Any CPU.ActiveCfg = Debug|Any CPU
		{DD64ABFB-F40D-44EE-9D14-096859F26FC3}.Debug|Any CPU.Build.0 = Debug|Any CPU
		{DD64ABFB-F40D-44EE-9D14-096859F26FC3}.Release|Any CPU.ActiveCfg = Release|Any CPU
		{DD64ABFB-F40D-44EE-9D14-096859F26FC3}.Release|Any CPU.Build.0 = Release|Any CPU
		{9C743BD3-B66F-4636-8027-7F71F9E25D3B}.Debug|Any CPU.ActiveCfg = Debug|Any CPU
		{9C743BD3-B66F-4636-8027-7F71F9E25D3B}.Debug|Any CPU.Build.0 = Debug|Any CPU
		{9C743BD3-B66F-4636-8027-7F71F9E25D3B}.Release|Any CPU.ActiveCfg = Release|Any CPU
		{9C743BD3-B66F-4636-8027-7F71F9E25D3B}.Release|Any CPU.Build.0 = Release|Any CPU
		{E6DA0EB9-6DB7-4EDD-B698-9504A0A390F5}.Debug|Any CPU.ActiveCfg = Debug|Any CPU
		{E6DA0EB9-6DB7-4EDD-B698-9504A0A390F5}.Debug|Any CPU.Build.0 = Debug|Any CPU
		{E6DA0EB9-6DB7-4EDD-B698-9504A0A390F5}.Release|Any CPU.ActiveCfg = Release|Any CPU
		{E6DA0EB9-6DB7-4EDD-B698-9504A0A390F5}.Release|Any CPU.Build.0 = Release|Any CPU
		{51267CA6-C015-41BF-AE29-1BAAD608B698}.Debug|Any CPU.ActiveCfg = Debug|Any CPU
		{51267CA6-C015-41BF-AE29-1BAAD608B698}.Debug|Any CPU.Build.0 = Debug|Any CPU
		{51267CA6-C015-41BF-AE29-1BAAD608B698}.Release|Any CPU.ActiveCfg = Release|Any CPU
		{51267CA6-C015-41BF-AE29-1BAAD608B698}.Release|Any CPU.Build.0 = Release|Any CPU
		{7C437024-D93E-4672-8AC6-87A3E381AAB0}.Debug|Any CPU.ActiveCfg = Debug|Any CPU
		{7C437024-D93E-4672-8AC6-87A3E381AAB0}.Debug|Any CPU.Build.0 = Debug|Any CPU
		{7C437024-D93E-4672-8AC6-87A3E381AAB0}.Release|Any CPU.ActiveCfg = Release|Any CPU
		{7C437024-D93E-4672-8AC6-87A3E381AAB0}.Release|Any CPU.Build.0 = Release|Any CPU
	EndGlobalSection
	GlobalSection(SolutionProperties) = preSolution
		HideSolutionNode = FALSE
	EndGlobalSection
	GlobalSection(ExtensibilityGlobals) = postSolution
		SolutionGuid = {7315FA70-EE7B-40CF-B029-EEBEF5732AF1}
	EndGlobalSection
EndGlobal
